// !$*UTF8*$!
{
	archiveVersion = 1;
	classes = {
	};
	objectVersion = 55;
	objects = {

/* Begin PBXBuildFile section */
		BD26C23D28874D7800A0DFE1 /* AppDelegate.swift in Sources */ = {isa = PBXBuildFile; fileRef = BD26C23C28874D7800A0DFE1 /* AppDelegate.swift */; };
		BD26C23F28874D7800A0DFE1 /* SceneDelegate.swift in Sources */ = {isa = PBXBuildFile; fileRef = BD26C23E28874D7800A0DFE1 /* SceneDelegate.swift */; };
		BD26C24128874D7800A0DFE1 /* ViewController.swift in Sources */ = {isa = PBXBuildFile; fileRef = BD26C24028874D7800A0DFE1 /* ViewController.swift */; };
		BD26C24428874D7800A0DFE1 /* Main.storyboard in Resources */ = {isa = PBXBuildFile; fileRef = BD26C24228874D7800A0DFE1 /* Main.storyboard */; };
		BD26C24728874D7800A0DFE1 /* KWKFinalProject2022.xcdatamodeld in Sources */ = {isa = PBXBuildFile; fileRef = BD26C24528874D7800A0DFE1 /* KWKFinalProject2022.xcdatamodeld */; };
		BD26C24928874D7900A0DFE1 /* Assets.xcassets in Resources */ = {isa = PBXBuildFile; fileRef = BD26C24828874D7900A0DFE1 /* Assets.xcassets */; };
		BD26C24C28874D7900A0DFE1 /* LaunchScreen.storyboard in Resources */ = {isa = PBXBuildFile; fileRef = BD26C24A28874D7900A0DFE1 /* LaunchScreen.storyboard */; };
		BD26C25728874D7900A0DFE1 /* KWKFinalProject2022Tests.swift in Sources */ = {isa = PBXBuildFile; fileRef = BD26C25628874D7900A0DFE1 /* KWKFinalProject2022Tests.swift */; };
		BD26C26128874D7900A0DFE1 /* KWKFinalProject2022UITests.swift in Sources */ = {isa = PBXBuildFile; fileRef = BD26C26028874D7900A0DFE1 /* KWKFinalProject2022UITests.swift */; };
		BD26C26328874D7900A0DFE1 /* KWKFinalProject2022UITestsLaunchTests.swift in Sources */ = {isa = PBXBuildFile; fileRef = BD26C26228874D7900A0DFE1 /* KWKFinalProject2022UITestsLaunchTests.swift */; };
/* End PBXBuildFile section */

/* Begin PBXContainerItemProxy section */
		BD26C25328874D7900A0DFE1 /* PBXContainerItemProxy */ = {
			isa = PBXContainerItemProxy;
			containerPortal = BD26C23128874D7800A0DFE1 /* Project object */;
			proxyType = 1;
			remoteGlobalIDString = BD26C23828874D7800A0DFE1;
			remoteInfo = KWKFinalProject2022;
		};
		BD26C25D28874D7900A0DFE1 /* PBXContainerItemProxy */ = {
			isa = PBXContainerItemProxy;
			containerPortal = BD26C23128874D7800A0DFE1 /* Project object */;
			proxyType = 1;
			remoteGlobalIDString = BD26C23828874D7800A0DFE1;
			remoteInfo = KWKFinalProject2022;
		};
/* End PBXContainerItemProxy section */

/* Begin PBXFileReference section */
		BD26C23928874D7800A0DFE1 /* KWKFinalProject2022.app */ = {isa = PBXFileReference; explicitFileType = wrapper.application; includeInIndex = 0; path = KWKFinalProject2022.app; sourceTree = BUILT_PRODUCTS_DIR; };
		BD26C23C28874D7800A0DFE1 /* AppDelegate.swift */ = {isa = PBXFileReference; lastKnownFileType = sourcecode.swift; path = AppDelegate.swift; sourceTree = "<group>"; };
		BD26C23E28874D7800A0DFE1 /* SceneDelegate.swift */ = {isa = PBXFileReference; lastKnownFileType = sourcecode.swift; path = SceneDelegate.swift; sourceTree = "<group>"; };
		BD26C24028874D7800A0DFE1 /* ViewController.swift */ = {isa = PBXFileReference; lastKnownFileType = sourcecode.swift; path = ViewController.swift; sourceTree = "<group>"; };
		BD26C24328874D7800A0DFE1 /* Base */ = {isa = PBXFileReference; lastKnownFileType = file.storyboard; name = Base; path = Base.lproj/Main.storyboard; sourceTree = "<group>"; };
		BD26C24628874D7800A0DFE1 /* KWKFinalProject2022.xcdatamodel */ = {isa = PBXFileReference; lastKnownFileType = wrapper.xcdatamodel; path = KWKFinalProject2022.xcdatamodel; sourceTree = "<group>"; };
		BD26C24828874D7900A0DFE1 /* Assets.xcassets */ = {isa = PBXFileReference; lastKnownFileType = folder.assetcatalog; path = Assets.xcassets; sourceTree = "<group>"; };
		BD26C24B28874D7900A0DFE1 /* Base */ = {isa = PBXFileReference; lastKnownFileType = file.storyboard; name = Base; path = Base.lproj/LaunchScreen.storyboard; sourceTree = "<group>"; };
		BD26C24D28874D7900A0DFE1 /* Info.plist */ = {isa = PBXFileReference; lastKnownFileType = text.plist.xml; path = Info.plist; sourceTree = "<group>"; };
		BD26C25228874D7900A0DFE1 /* KWKFinalProject2022Tests.xctest */ = {isa = PBXFileReference; explicitFileType = wrapper.cfbundle; includeInIndex = 0; path = KWKFinalProject2022Tests.xctest; sourceTree = BUILT_PRODUCTS_DIR; };
		BD26C25628874D7900A0DFE1 /* KWKFinalProject2022Tests.swift */ = {isa = PBXFileReference; lastKnownFileType = sourcecode.swift; path = KWKFinalProject2022Tests.swift; sourceTree = "<group>"; };
		BD26C25C28874D7900A0DFE1 /* KWKFinalProject2022UITests.xctest */ = {isa = PBXFileReference; explicitFileType = wrapper.cfbundle; includeInIndex = 0; path = KWKFinalProject2022UITests.xctest; sourceTree = BUILT_PRODUCTS_DIR; };
		BD26C26028874D7900A0DFE1 /* KWKFinalProject2022UITests.swift */ = {isa = PBXFileReference; lastKnownFileType = sourcecode.swift; path = KWKFinalProject2022UITests.swift; sourceTree = "<group>"; };
		BD26C26228874D7900A0DFE1 /* KWKFinalProject2022UITestsLaunchTests.swift */ = {isa = PBXFileReference; lastKnownFileType = sourcecode.swift; path = KWKFinalProject2022UITestsLaunchTests.swift; sourceTree = "<group>"; };
/* End PBXFileReference section */

/* Begin PBXFrameworksBuildPhase section */
		BD26C23628874D7800A0DFE1 /* Frameworks */ = {
			isa = PBXFrameworksBuildPhase;
			buildActionMask = 2147483647;
			files = (
			);
			runOnlyForDeploymentPostprocessing = 0;
		};
		BD26C24F28874D7900A0DFE1 /* Frameworks */ = {
			isa = PBXFrameworksBuildPhase;
			buildActionMask = 2147483647;
			files = (
			);
			runOnlyForDeploymentPostprocessing = 0;
		};
		BD26C25928874D7900A0DFE1 /* Frameworks */ = {
			isa = PBXFrameworksBuildPhase;
			buildActionMask = 2147483647;
			files = (
			);
			runOnlyForDeploymentPostprocessing = 0;
		};
/* End PBXFrameworksBuildPhase section */

/* Begin PBXGroup section */
		BD26C23028874D7800A0DFE1 = {
			isa = PBXGroup;
			children = (
				BD26C23B28874D7800A0DFE1 /* KWKFinalProject2022 */,
				BD26C25528874D7900A0DFE1 /* KWKFinalProject2022Tests */,
				BD26C25F28874D7900A0DFE1 /* KWKFinalProject2022UITests */,
				BD26C23A28874D7800A0DFE1 /* Products */,
			);
			sourceTree = "<group>";
		};
		BD26C23A28874D7800A0DFE1 /* Products */ = {
			isa = PBXGroup;
			children = (
				BD26C23928874D7800A0DFE1 /* KWKFinalProject2022.app */,
				BD26C25228874D7900A0DFE1 /* KWKFinalProject2022Tests.xctest */,
				BD26C25C28874D7900A0DFE1 /* KWKFinalProject2022UITests.xctest */,
			);
			name = Products;
			sourceTree = "<group>";
		};
		BD26C23B28874D7800A0DFE1 /* KWKFinalProject2022 */ = {
			isa = PBXGroup;
			children = (
				BD26C23C28874D7800A0DFE1 /* AppDelegate.swift */,
				BD26C23E28874D7800A0DFE1 /* SceneDelegate.swift */,
				BD26C24028874D7800A0DFE1 /* ViewController.swift */,
				BD26C24228874D7800A0DFE1 /* Main.storyboard */,
				BD26C24828874D7900A0DFE1 /* Assets.xcassets */,
				BD26C24A28874D7900A0DFE1 /* LaunchScreen.storyboard */,
				BD26C24D28874D7900A0DFE1 /* Info.plist */,
				BD26C24528874D7800A0DFE1 /* KWKFinalProject2022.xcdatamodeld */,
			);
			path = KWKFinalProject2022;
			sourceTree = "<group>";
		};
		BD26C25528874D7900A0DFE1 /* KWKFinalProject2022Tests */ = {
			isa = PBXGroup;
			children = (
				BD26C25628874D7900A0DFE1 /* KWKFinalProject2022Tests.swift */,
			);
			path = KWKFinalProject2022Tests;
			sourceTree = "<group>";
		};
		BD26C25F28874D7900A0DFE1 /* KWKFinalProject2022UITests */ = {
			isa = PBXGroup;
			children = (
				BD26C26028874D7900A0DFE1 /* KWKFinalProject2022UITests.swift */,
				BD26C26228874D7900A0DFE1 /* KWKFinalProject2022UITestsLaunchTests.swift */,
			);
			path = KWKFinalProject2022UITests;
			sourceTree = "<group>";
		};
/* End PBXGroup section */

/* Begin PBXNativeTarget section */
		BD26C23828874D7800A0DFE1 /* KWKFinalProject2022 */ = {
			isa = PBXNativeTarget;
			buildConfigurationList = BD26C26628874D7900A0DFE1 /* Build configuration list for PBXNativeTarget "KWKFinalProject2022" */;
			buildPhases = (
				BD26C23528874D7800A0DFE1 /* Sources */,
				BD26C23628874D7800A0DFE1 /* Frameworks */,
				BD26C23728874D7800A0DFE1 /* Resources */,
			);
			buildRules = (
			);
			dependencies = (
			);
			name = KWKFinalProject2022;
			productName = KWKFinalProject2022;
			productReference = BD26C23928874D7800A0DFE1 /* KWKFinalProject2022.app */;
			productType = "com.apple.product-type.application";
		};
		BD26C25128874D7900A0DFE1 /* KWKFinalProject2022Tests */ = {
			isa = PBXNativeTarget;
			buildConfigurationList = BD26C26928874D7900A0DFE1 /* Build configuration list for PBXNativeTarget "KWKFinalProject2022Tests" */;
			buildPhases = (
				BD26C24E28874D7900A0DFE1 /* Sources */,
				BD26C24F28874D7900A0DFE1 /* Frameworks */,
				BD26C25028874D7900A0DFE1 /* Resources */,
			);
			buildRules = (
			);
			dependencies = (
				BD26C25428874D7900A0DFE1 /* PBXTargetDependency */,
			);
			name = KWKFinalProject2022Tests;
			productName = KWKFinalProject2022Tests;
			productReference = BD26C25228874D7900A0DFE1 /* KWKFinalProject2022Tests.xctest */;
			productType = "com.apple.product-type.bundle.unit-test";
		};
		BD26C25B28874D7900A0DFE1 /* KWKFinalProject2022UITests */ = {
			isa = PBXNativeTarget;
			buildConfigurationList = BD26C26C28874D7900A0DFE1 /* Build configuration list for PBXNativeTarget "KWKFinalProject2022UITests" */;
			buildPhases = (
				BD26C25828874D7900A0DFE1 /* Sources */,
				BD26C25928874D7900A0DFE1 /* Frameworks */,
				BD26C25A28874D7900A0DFE1 /* Resources */,
			);
			buildRules = (
			);
			dependencies = (
				BD26C25E28874D7900A0DFE1 /* PBXTargetDependency */,
			);
			name = KWKFinalProject2022UITests;
			productName = KWKFinalProject2022UITests;
			productReference = BD26C25C28874D7900A0DFE1 /* KWKFinalProject2022UITests.xctest */;
			productType = "com.apple.product-type.bundle.ui-testing";
		};
/* End PBXNativeTarget section */

/* Begin PBXProject section */
		BD26C23128874D7800A0DFE1 /* Project object */ = {
			isa = PBXProject;
			attributes = {
				BuildIndependentTargetsInParallel = 1;
				LastSwiftUpdateCheck = 1340;
				LastUpgradeCheck = 1340;
				TargetAttributes = {
					BD26C23828874D7800A0DFE1 = {
						CreatedOnToolsVersion = 13.4.1;
					};
					BD26C25128874D7900A0DFE1 = {
						CreatedOnToolsVersion = 13.4.1;
						TestTargetID = BD26C23828874D7800A0DFE1;
					};
					BD26C25B28874D7900A0DFE1 = {
						CreatedOnToolsVersion = 13.4.1;
						TestTargetID = BD26C23828874D7800A0DFE1;
					};
				};
			};
			buildConfigurationList = BD26C23428874D7800A0DFE1 /* Build configuration list for PBXProject "KWKFinalProject2022" */;
			compatibilityVersion = "Xcode 13.0";
			developmentRegion = en;
			hasScannedForEncodings = 0;
			knownRegions = (
				en,
				Base,
			);
			mainGroup = BD26C23028874D7800A0DFE1;
			productRefGroup = BD26C23A28874D7800A0DFE1 /* Products */;
			projectDirPath = "";
			projectRoot = "";
			targets = (
				BD26C23828874D7800A0DFE1 /* KWKFinalProject2022 */,
				BD26C25128874D7900A0DFE1 /* KWKFinalProject2022Tests */,
				BD26C25B28874D7900A0DFE1 /* KWKFinalProject2022UITests */,
			);
		};
/* End PBXProject section */

/* Begin PBXResourcesBuildPhase section */
		BD26C23728874D7800A0DFE1 /* Resources */ = {
			isa = PBXResourcesBuildPhase;
			buildActionMask = 2147483647;
			files = (
				BD26C24C28874D7900A0DFE1 /* LaunchScreen.storyboard in Resources */,
				BD26C24928874D7900A0DFE1 /* Assets.xcassets in Resources */,
				BD26C24428874D7800A0DFE1 /* Main.storyboard in Resources */,
			);
			runOnlyForDeploymentPostprocessing = 0;
		};
		BD26C25028874D7900A0DFE1 /* Resources */ = {
			isa = PBXResourcesBuildPhase;
			buildActionMask = 2147483647;
			files = (
			);
			runOnlyForDeploymentPostprocessing = 0;
		};
		BD26C25A28874D7900A0DFE1 /* Resources */ = {
			isa = PBXResourcesBuildPhase;
			buildActionMask = 2147483647;
			files = (
			);
			runOnlyForDeploymentPostprocessing = 0;
		};
/* End PBXResourcesBuildPhase section */

/* Begin PBXSourcesBuildPhase section */
		BD26C23528874D7800A0DFE1 /* Sources */ = {
			isa = PBXSourcesBuildPhase;
			buildActionMask = 2147483647;
			files = (
				BD26C24728874D7800A0DFE1 /* KWKFinalProject2022.xcdatamodeld in Sources */,
				BD26C24128874D7800A0DFE1 /* ViewController.swift in Sources */,
				BD26C23D28874D7800A0DFE1 /* AppDelegate.swift in Sources */,
				BD26C23F28874D7800A0DFE1 /* SceneDelegate.swift in Sources */,
			);
			runOnlyForDeploymentPostprocessing = 0;
		};
		BD26C24E28874D7900A0DFE1 /* Sources */ = {
			isa = PBXSourcesBuildPhase;
			buildActionMask = 2147483647;
			files = (
				BD26C25728874D7900A0DFE1 /* KWKFinalProject2022Tests.swift in Sources */,
			);
			runOnlyForDeploymentPostprocessing = 0;
		};
		BD26C25828874D7900A0DFE1 /* Sources */ = {
			isa = PBXSourcesBuildPhase;
			buildActionMask = 2147483647;
			files = (
				BD26C26128874D7900A0DFE1 /* KWKFinalProject2022UITests.swift in Sources */,
				BD26C26328874D7900A0DFE1 /* KWKFinalProject2022UITestsLaunchTests.swift in Sources */,
			);
			runOnlyForDeploymentPostprocessing = 0;
		};
/* End PBXSourcesBuildPhase section */

/* Begin PBXTargetDependency section */
		BD26C25428874D7900A0DFE1 /* PBXTargetDependency */ = {
			isa = PBXTargetDependency;
			target = BD26C23828874D7800A0DFE1 /* KWKFinalProject2022 */;
			targetProxy = BD26C25328874D7900A0DFE1 /* PBXContainerItemProxy */;
		};
		BD26C25E28874D7900A0DFE1 /* PBXTargetDependency */ = {
			isa = PBXTargetDependency;
			target = BD26C23828874D7800A0DFE1 /* KWKFinalProject2022 */;
			targetProxy = BD26C25D28874D7900A0DFE1 /* PBXContainerItemProxy */;
		};
/* End PBXTargetDependency section */

/* Begin PBXVariantGroup section */
		BD26C24228874D7800A0DFE1 /* Main.storyboard */ = {
			isa = PBXVariantGroup;
			children = (
				BD26C24328874D7800A0DFE1 /* Base */,
			);
			name = Main.storyboard;
			sourceTree = "<group>";
		};
		BD26C24A28874D7900A0DFE1 /* LaunchScreen.storyboard */ = {
			isa = PBXVariantGroup;
			children = (
				BD26C24B28874D7900A0DFE1 /* Base */,
			);
			name = LaunchScreen.storyboard;
			sourceTree = "<group>";
		};
/* End PBXVariantGroup section */

/* Begin XCBuildConfiguration section */
		BD26C26428874D7900A0DFE1 /* Debug */ = {
			isa = XCBuildConfiguration;
			buildSettings = {
				ALWAYS_SEARCH_USER_PATHS = NO;
				CLANG_ANALYZER_NONNULL = YES;
				CLANG_ANALYZER_NUMBER_OBJECT_CONVERSION = YES_AGGRESSIVE;
				CLANG_CXX_LANGUAGE_STANDARD = "gnu++17";
				CLANG_ENABLE_MODULES = YES;
				CLANG_ENABLE_OBJC_ARC = YES;
				CLANG_ENABLE_OBJC_WEAK = YES;
				CLANG_WARN_BLOCK_CAPTURE_AUTORELEASING = YES;
				CLANG_WARN_BOOL_CONVERSION = YES;
				CLANG_WARN_COMMA = YES;
				CLANG_WARN_CONSTANT_CONVERSION = YES;
				CLANG_WARN_DEPRECATED_OBJC_IMPLEMENTATIONS = YES;
				CLANG_WARN_DIRECT_OBJC_ISA_USAGE = YES_ERROR;
				CLANG_WARN_DOCUMENTATION_COMMENTS = YES;
				CLANG_WARN_EMPTY_BODY = YES;
				CLANG_WARN_ENUM_CONVERSION = YES;
				CLANG_WARN_INFINITE_RECURSION = YES;
				CLANG_WARN_INT_CONVERSION = YES;
				CLANG_WARN_NON_LITERAL_NULL_CONVERSION = YES;
				CLANG_WARN_OBJC_IMPLICIT_RETAIN_SELF = YES;
				CLANG_WARN_OBJC_LITERAL_CONVERSION = YES;
				CLANG_WARN_OBJC_ROOT_CLASS = YES_ERROR;
				CLANG_WARN_QUOTED_INCLUDE_IN_FRAMEWORK_HEADER = YES;
				CLANG_WARN_RANGE_LOOP_ANALYSIS = YES;
				CLANG_WARN_STRICT_PROTOTYPES = YES;
				CLANG_WARN_SUSPICIOUS_MOVE = YES;
				CLANG_WARN_UNGUARDED_AVAILABILITY = YES_AGGRESSIVE;
				CLANG_WARN_UNREACHABLE_CODE = YES;
				CLANG_WARN__DUPLICATE_METHOD_MATCH = YES;
				COPY_PHASE_STRIP = NO;
				DEBUG_INFORMATION_FORMAT = dwarf;
				ENABLE_STRICT_OBJC_MSGSEND = YES;
				ENABLE_TESTABILITY = YES;
				GCC_C_LANGUAGE_STANDARD = gnu11;
				GCC_DYNAMIC_NO_PIC = NO;
				GCC_NO_COMMON_BLOCKS = YES;
				GCC_OPTIMIZATION_LEVEL = 0;
				GCC_PREPROCESSOR_DEFINITIONS = (
					"DEBUG=1",
					"$(inherited)",
				);
				GCC_WARN_64_TO_32_BIT_CONVERSION = YES;
				GCC_WARN_ABOUT_RETURN_TYPE = YES_ERROR;
				GCC_WARN_UNDECLARED_SELECTOR = YES;
				GCC_WARN_UNINITIALIZED_AUTOS = YES_AGGRESSIVE;
				GCC_WARN_UNUSED_FUNCTION = YES;
				GCC_WARN_UNUSED_VARIABLE = YES;
				IPHONEOS_DEPLOYMENT_TARGET = 15.5;
				MTL_ENABLE_DEBUG_INFO = INCLUDE_SOURCE;
				MTL_FAST_MATH = YES;
				ONLY_ACTIVE_ARCH = YES;
				SDKROOT = iphoneos;
				SWIFT_ACTIVE_COMPILATION_CONDITIONS = DEBUG;
				SWIFT_OPTIMIZATION_LEVEL = "-Onone";
			};
			name = Debug;
		};
		BD26C26528874D7900A0DFE1 /* Release */ = {
			isa = XCBuildConfiguration;
			buildSettings = {
				ALWAYS_SEARCH_USER_PATHS = NO;
				CLANG_ANALYZER_NONNULL = YES;
				CLANG_ANALYZER_NUMBER_OBJECT_CONVERSION = YES_AGGRESSIVE;
				CLANG_CXX_LANGUAGE_STANDARD = "gnu++17";
				CLANG_ENABLE_MODULES = YES;
				CLANG_ENABLE_OBJC_ARC = YES;
				CLANG_ENABLE_OBJC_WEAK = YES;
				CLANG_WARN_BLOCK_CAPTURE_AUTORELEASING = YES;
				CLANG_WARN_BOOL_CONVERSION = YES;
				CLANG_WARN_COMMA = YES;
				CLANG_WARN_CONSTANT_CONVERSION = YES;
				CLANG_WARN_DEPRECATED_OBJC_IMPLEMENTATIONS = YES;
				CLANG_WARN_DIRECT_OBJC_ISA_USAGE = YES_ERROR;
				CLANG_WARN_DOCUMENTATION_COMMENTS = YES;
				CLANG_WARN_EMPTY_BODY = YES;
				CLANG_WARN_ENUM_CONVERSION = YES;
				CLANG_WARN_INFINITE_RECURSION = YES;
				CLANG_WARN_INT_CONVERSION = YES;
				CLANG_WARN_NON_LITERAL_NULL_CONVERSION = YES;
				CLANG_WARN_OBJC_IMPLICIT_RETAIN_SELF = YES;
				CLANG_WARN_OBJC_LITERAL_CONVERSION = YES;
				CLANG_WARN_OBJC_ROOT_CLASS = YES_ERROR;
				CLANG_WARN_QUOTED_INCLUDE_IN_FRAMEWORK_HEADER = YES;
				CLANG_WARN_RANGE_LOOP_ANALYSIS = YES;
				CLANG_WARN_STRICT_PROTOTYPES = YES;
				CLANG_WARN_SUSPICIOUS_MOVE = YES;
				CLANG_WARN_UNGUARDED_AVAILABILITY = YES_AGGRESSIVE;
				CLANG_WARN_UNREACHABLE_CODE = YES;
				CLANG_WARN__DUPLICATE_METHOD_MATCH = YES;
				COPY_PHASE_STRIP = NO;
				DEBUG_INFORMATION_FORMAT = "dwarf-with-dsym";
				ENABLE_NS_ASSERTIONS = NO;
				ENABLE_STRICT_OBJC_MSGSEND = YES;
				GCC_C_LANGUAGE_STANDARD = gnu11;
				GCC_NO_COMMON_BLOCKS = YES;
				GCC_WARN_64_TO_32_BIT_CONVERSION = YES;
				GCC_WARN_ABOUT_RETURN_TYPE = YES_ERROR;
				GCC_WARN_UNDECLARED_SELECTOR = YES;
				GCC_WARN_UNINITIALIZED_AUTOS = YES_AGGRESSIVE;
				GCC_WARN_UNUSED_FUNCTION = YES;
				GCC_WARN_UNUSED_VARIABLE = YES;
				IPHONEOS_DEPLOYMENT_TARGET = 15.5;
				MTL_ENABLE_DEBUG_INFO = NO;
				MTL_FAST_MATH = YES;
				SDKROOT = iphoneos;
				SWIFT_COMPILATION_MODE = wholemodule;
				SWIFT_OPTIMIZATION_LEVEL = "-O";
				VALIDATE_PRODUCT = YES;
			};
			name = Release;
		};
		BD26C26728874D7900A0DFE1 /* Debug */ = {
			isa = XCBuildConfiguration;
			buildSettings = {
				ASSETCATALOG_COMPILER_APPICON_NAME = AppIcon;
				ASSETCATALOG_COMPILER_GLOBAL_ACCENT_COLOR_NAME = AccentColor;
				CODE_SIGN_STYLE = Automatic;
				CURRENT_PROJECT_VERSION = 1;
				DEVELOPMENT_TEAM = Y2J6A4NK9W;
				GENERATE_INFOPLIST_FILE = YES;
				INFOPLIST_FILE = KWKFinalProject2022/Info.plist;
				INFOPLIST_KEY_UIApplicationSupportsIndirectInputEvents = YES;
				INFOPLIST_KEY_UILaunchStoryboardName = LaunchScreen;
				INFOPLIST_KEY_UIMainStoryboardFile = Main;
				INFOPLIST_KEY_UISupportedInterfaceOrientations_iPad = "UIInterfaceOrientationPortrait UIInterfaceOrientationPortraitUpsideDown UIInterfaceOrientationLandscapeLeft UIInterfaceOrientationLandscapeRight";
				INFOPLIST_KEY_UISupportedInterfaceOrientations_iPhone = "UIInterfaceOrientationPortrait UIInterfaceOrientationLandscapeLeft UIInterfaceOrientationLandscapeRight";
				LD_RUNPATH_SEARCH_PATHS = (
					"$(inherited)",
					"@executable_path/Frameworks",
				);
				MARKETING_VERSION = 1.0;
				PRODUCT_BUNDLE_IDENTIFIER = KWK2022.KWKFinalProject2022;
				PRODUCT_NAME = "$(TARGET_NAME)";
				SWIFT_EMIT_LOC_STRINGS = YES;
				SWIFT_VERSION = 5.0;
				TARGETED_DEVICE_FAMILY = "1,2";
			};
			name = Debug;
		};
		BD26C26828874D7900A0DFE1 /* Release */ = {
			isa = XCBuildConfiguration;
			buildSettings = {
				ASSETCATALOG_COMPILER_APPICON_NAME = AppIcon;
				ASSETCATALOG_COMPILER_GLOBAL_ACCENT_COLOR_NAME = AccentColor;
				CODE_SIGN_STYLE = Automatic;
				CURRENT_PROJECT_VERSION = 1;
				DEVELOPMENT_TEAM = Y2J6A4NK9W;
				GENERATE_INFOPLIST_FILE = YES;
				INFOPLIST_FILE = KWKFinalProject2022/Info.plist;
				INFOPLIST_KEY_UIApplicationSupportsIndirectInputEvents = YES;
				INFOPLIST_KEY_UILaunchStoryboardName = LaunchScreen;
				INFOPLIST_KEY_UIMainStoryboardFile = Main;
				INFOPLIST_KEY_UISupportedInterfaceOrientations_iPad = "UIInterfaceOrientationPortrait UIInterfaceOrientationPortraitUpsideDown UIInterfaceOrientationLandscapeLeft UIInterfaceOrientationLandscapeRight";
				INFOPLIST_KEY_UISupportedInterfaceOrientations_iPhone = "UIInterfaceOrientationPortrait UIInterfaceOrientationLandscapeLeft UIInterfaceOrientationLandscapeRight";
				LD_RUNPATH_SEARCH_PATHS = (
					"$(inherited)",
					"@executable_path/Frameworks",
				);
				MARKETING_VERSION = 1.0;
				PRODUCT_BUNDLE_IDENTIFIER = KWK2022.KWKFinalProject2022;
				PRODUCT_NAME = "$(TARGET_NAME)";
				SWIFT_EMIT_LOC_STRINGS = YES;
				SWIFT_VERSION = 5.0;
				TARGETED_DEVICE_FAMILY = "1,2";
			};
			name = Release;
		};
		BD26C26A28874D7900A0DFE1 /* Debug */ = {
			isa = XCBuildConfiguration;
			buildSettings = {
				ALWAYS_EMBED_SWIFT_STANDARD_LIBRARIES = YES;
				BUNDLE_LOADER = "$(TEST_HOST)";
				CODE_SIGN_STYLE = Automatic;
				CURRENT_PROJECT_VERSION = 1;
				DEVELOPMENT_TEAM = Y2J6A4NK9W;
				GENERATE_INFOPLIST_FILE = YES;
				IPHONEOS_DEPLOYMENT_TARGET = 15.5;
				MARKETING_VERSION = 1.0;
				PRODUCT_BUNDLE_IDENTIFIER = KWK2022.KWKFinalProject2022Tests;
				PRODUCT_NAME = "$(TARGET_NAME)";
				SWIFT_EMIT_LOC_STRINGS = NO;
				SWIFT_VERSION = 5.0;
				TARGETED_DEVICE_FAMILY = "1,2";
				TEST_HOST = "$(BUILT_PRODUCTS_DIR)/KWKFinalProject2022.app/KWKFinalProject2022";
			};
			name = Debug;
		};
		BD26C26B28874D7900A0DFE1 /* Release */ = {
			isa = XCBuildConfiguration;
			buildSettings = {
				ALWAYS_EMBED_SWIFT_STANDARD_LIBRARIES = YES;
				BUNDLE_LOADER = "$(TEST_HOST)";
				CODE_SIGN_STYLE = Automatic;
				CURRENT_PROJECT_VERSION = 1;
				DEVELOPMENT_TEAM = Y2J6A4NK9W;
				GENERATE_INFOPLIST_FILE = YES;
				IPHONEOS_DEPLOYMENT_TARGET = 15.5;
				MARKETING_VERSION = 1.0;
				PRODUCT_BUNDLE_IDENTIFIER = KWK2022.KWKFinalProject2022Tests;
				PRODUCT_NAME = "$(TARGET_NAME)";
				SWIFT_EMIT_LOC_STRINGS = NO;
				SWIFT_VERSION = 5.0;
				TARGETED_DEVICE_FAMILY = "1,2";
				TEST_HOST = "$(BUILT_PRODUCTS_DIR)/KWKFinalProject2022.app/KWKFinalProject2022";
			};
			name = Release;
		};
		BD26C26D28874D7900A0DFE1 /* Debug */ = {
			isa = XCBuildConfiguration;
			buildSettings = {
				ALWAYS_EMBED_SWIFT_STANDARD_LIBRARIES = YES;
				CODE_SIGN_STYLE = Automatic;
				CURRENT_PROJECT_VERSION = 1;
				DEVELOPMENT_TEAM = Y2J6A4NK9W;
				GENERATE_INFOPLIST_FILE = YES;
				MARKETING_VERSION = 1.0;
				PRODUCT_BUNDLE_IDENTIFIER = KWK2022.KWKFinalProject2022UITests;
				PRODUCT_NAME = "$(TARGET_NAME)";
				SWIFT_EMIT_LOC_STRINGS = NO;
				SWIFT_VERSION = 5.0;
				TARGETED_DEVICE_FAMILY = "1,2";
				TEST_TARGET_NAME = KWKFinalProject2022;
			};
			name = Debug;
		};
		BD26C26E28874D7900A0DFE1 /* Release */ = {
			isa = XCBuildConfiguration;
			buildSettings = {
				ALWAYS_EMBED_SWIFT_STANDARD_LIBRARIES = YES;
				CODE_SIGN_STYLE = Automatic;
				CURRENT_PROJECT_VERSION = 1;
				DEVELOPMENT_TEAM = Y2J6A4NK9W;
				GENERATE_INFOPLIST_FILE = YES;
				MARKETING_VERSION = 1.0;
				PRODUCT_BUNDLE_IDENTIFIER = KWK2022.KWKFinalProject2022UITests;
				PRODUCT_NAME = "$(TARGET_NAME)";
				SWIFT_EMIT_LOC_STRINGS = NO;
				SWIFT_VERSION = 5.0;
				TARGETED_DEVICE_FAMILY = "1,2";
				TEST_TARGET_NAME = KWKFinalProject2022;
			};
			name = Release;
		};
/* End XCBuildConfiguration section */

/* Begin XCConfigurationList section */
		BD26C23428874D7800A0DFE1 /* Build configuration list for PBXProject "KWKFinalProject2022" */ = {
			isa = XCConfigurationList;
			buildConfigurations = (
				BD26C26428874D7900A0DFE1 /* Debug */,
				BD26C26528874D7900A0DFE1 /* Release */,
			);
			defaultConfigurationIsVisible = 0;
			defaultConfigurationName = Release;
		};
		BD26C26628874D7900A0DFE1 /* Build configuration list for PBXNativeTarget "KWKFinalProject2022" */ = {
			isa = XCConfigurationList;
			buildConfigurations = (
				BD26C26728874D7900A0DFE1 /* Debug */,
				BD26C26828874D7900A0DFE1 /* Release */,
			);
			defaultConfigurationIsVisible = 0;
			defaultConfigurationName = Release;
		};
		BD26C26928874D7900A0DFE1 /* Build configuration list for PBXNativeTarget "KWKFinalProject2022Tests" */ = {
			isa = XCConfigurationList;
			buildConfigurations = (
				BD26C26A28874D7900A0DFE1 /* Debug */,
				BD26C26B28874D7900A0DFE1 /* Release */,
			);
			defaultConfigurationIsVisible = 0;
			defaultConfigurationName = Release;
		};
		BD26C26C28874D7900A0DFE1 /* Build configuration list for PBXNativeTarget "KWKFinalProject2022UITests" */ = {
			isa = XCConfigurationList;
			buildConfigurations = (
				BD26C26D28874D7900A0DFE1 /* Debug */,
				BD26C26E28874D7900A0DFE1 /* Release */,
			);
			defaultConfigurationIsVisible = 0;
			defaultConfigurationName = Release;
		};
/* End XCConfigurationList section */

/* Begin XCVersionGroup section */
		BD26C24528874D7800A0DFE1 /* KWKFinalProject2022.xcdatamodeld */ = {
			isa = XCVersionGroup;
			children = (
				BD26C24628874D7800A0DFE1 /* KWKFinalProject2022.xcdatamodel */,
			);
			currentVersion = BD26C24628874D7800A0DFE1 /* KWKFinalProject2022.xcdatamodel */;
			path = KWKFinalProject2022.xcdatamodeld;
			sourceTree = "<group>";
			versionGroupType = wrapper.xcdatamodel;
		};
/* End XCVersionGroup section */
	};
	rootObject = BD26C23128874D7800A0DFE1 /* Project object */;
}
